<Solution>
  <Project Path="DA.SharedDeskPlanner.Cons.Test/DA.SharedDeskPlanner.Cons.Test.csproj" Id="88d8bae0-e771-4d41-89d9-4bd2e359e2ad" />
  <Project Path="DA.SharedDeskPlanner.Model/DA.SharedDeskPlanner.Model.csproj" Id="8187912f-37ce-4314-b7be-61621712f3bf" />
  <Project Path="DA.SharedDeskPlanner.Wpf/DA.SharedDeskPlanner.Wpf.csproj" Id="b7154fbf-b23d-4711-a2e4-6d24c06f2e82" />
</Solution>
